
Microsoft Visual Studio Solution File, Format Version 12.00
# Visual Studio Version 17
VisualStudioVersion = 17.14.36511.14 d17.14
MinimumVisualStudioVersion = 10.0.40219.1
Project("{FAE04EC0-301F-11D3-BF4B-00C04F79EFBC}") = "backend_net", "backend_net.csproj", "{EDDF0CD1-32E8-4C65-93D1-FD70D555D94A}"
EndProject
Global
	GlobalSection(SolutionConfigurationPlatforms) = preSolution
		Debug|Any CPU = Debug|Any CPU
		Release|Any CPU = Release|Any CPU
	EndGlobalSection
	GlobalSection(ProjectConfigurationPlatforms) = postSolution
		{EDDF0CD1-32E8-4C65-93D1-FD70D555D94A}.Debug|Any CPU.ActiveCfg = Debug|Any CPU
		{EDDF0CD1-32E8-4C65-93D1-FD70D555D94A}.Debug|Any CPU.Build.0 = Debug|Any CPU
		{EDDF0CD1-32E8-4C65-93D1-FD70D555D94A}.Release|Any CPU.ActiveCfg = Release|Any CPU
		{EDDF0CD1-32E8-4C65-93D1-FD70D555D94A}.Release|Any CPU.Build.0 = Release|Any CPU
	EndGlobalSection
	GlobalSection(SolutionProperties) = preSolution
		HideSolutionNode = FALSE
	EndGlobalSection
	GlobalSection(ExtensibilityGlobals) = postSolution
		SolutionGuid = {5C2F2297-A010-4D84-AD39-70E03CDB00A0}
	EndGlobalSection
EndGlobal
